// !$*UTF8*$!
{
	archiveVersion = 1;
	classes = {
	};
	objectVersion = 77;
	objects = {

/* Begin PBXContainerItemProxy section */
		4152A2E32F08E5D300BDF884 /* PBXContainerItemProxy */ = {
			isa = PBXContainerItemProxy;
			containerPortal = 4152A2CB2F08E5D200BDF884 /* Project object */;
			proxyType = 1;
			remoteGlobalIDString = 4152A2D22F08E5D200BDF884;
			remoteInfo = "ToDoカレンダー";
		};
		4152A2ED2F08E5D300BDF884 /* PBXContainerItemProxy */ = {
			isa = PBXContainerItemProxy;
			containerPortal = 4152A2CB2F08E5D200BDF884 /* Project object */;
			proxyType = 1;
			remoteGlobalIDString = 4152A2D22F08E5D200BDF884;
			remoteInfo = "ToDoカレンダー";
		};
/* End PBXContainerItemProxy section */

/* Begin PBXFileReference section */
		4152A2D32F08E5D200BDF884 /* ToDoカレンダー.app */ = {isa = PBXFileReference; explicitFileType = wrapper.application; includeInIndex = 0; path = "ToDoカレンダー.app"; sourceTree = BUILT_PRODUCTS_DIR; };
		4152A2E22F08E5D300BDF884 /* ToDoカレンダーTests.xctest */ = {isa = PBXFileReference; explicitFileType = wrapper.cfbundle; includeInIndex = 0; path = "ToDoカレンダーTests.xctest"; sourceTree = BUILT_PRODUCTS_DIR; };
		4152A2EC2F08E5D300BDF884 /* ToDoカレンダーUITests.xctest */ = {isa = PBXFileReference; explicitFileType = wrapper.cfbundle; includeInIndex = 0; path = "ToDoカレンダーUITests.xctest"; sourceTree = BUILT_PRODUCTS_DIR; };
/* End PBXFileReference section */

/* Begin PBXFileSystemSynchronizedRootGroup section */
		4152A2D52F08E5D200BDF884 /* ToDoカレンダー */ = {
			isa = PBXFileSystemSynchronizedRootGroup;
			path = "ToDoカレンダー";
			sourceTree = "<group>";
		};
		4152A2E52F08E5D300BDF884 /* ToDoカレンダーTests */ = {
			isa = PBXFileSystemSynchronizedRootGroup;
			path = "ToDoカレンダーTests";
			sourceTree = "<group>";
		};
		4152A2EF2F08E5D300BDF884 /* ToDoカレンダーUITests */ = {
			isa = PBXFileSystemSynchronizedRootGroup;
			path = "ToDoカレンダーUITests";
			sourceTree = "<group>";
		};
/* End PBXFileSystemSynchronizedRootGroup section */

/* Begin PBXFrameworksBuildPhase section */
		4152A2D02F08E5D200BDF884 /* Frameworks */ = {
			isa = PBXFrameworksBuildPhase;
			buildActionMask = 2147483647;
			files = (
			);
			runOnlyForDeploymentPostprocessing = 0;
		};
		4152A2DF2F08E5D300BDF884 /* Frameworks */ = {
			isa = PBXFrameworksBuildPhase;
			buildActionMask = 2147483647;
			files = (
			);
			runOnlyForDeploymentPostprocessing = 0;
		};
		4152A2E92F08E5D300BDF884 /* Frameworks */ = {
			isa = PBXFrameworksBuildPhase;
			buildActionMask = 2147483647;
			files = (
			);
			runOnlyForDeploymentPostprocessing = 0;
		};
/* End PBXFrameworksBuildPhase section */

/* Begin PBXGroup section */
		4152A2CA2F08E5D200BDF884 = {
			isa = PBXGroup;
			children = (
				4152A2D52F08E5D200BDF884 /* ToDoカレンダー */,
				4152A2E52F08E5D300BDF884 /* ToDoカレンダーTests */,
				4152A2EF2F08E5D300BDF884 /* ToDoカレンダーUITests */,
				4152A2D42F08E5D200BDF884 /* Products */,
			);
			sourceTree = "<group>";
		};
		4152A2D42F08E5D200BDF884 /* Products */ = {
			isa = PBXGroup;
			children = (
				4152A2D32F08E5D200BDF884 /* ToDoカレンダー.app */,
				4152A2E22F08E5D300BDF884 /* ToDoカレンダーTests.xctest */,
				4152A2EC2F08E5D300BDF884 /* ToDoカレンダーUITests.xctest */,
			);
			name = Products;
			sourceTree = "<group>";
		};
/* End PBXGroup section */

/* Begin PBXNativeTarget section */
		4152A2D22F08E5D200BDF884 /* ToDoカレンダー */ = {
			isa = PBXNativeTarget;
			buildConfigurationList = 4152A2F62F08E5D300BDF884 /* Build configuration list for PBXNativeTarget "ToDoカレンダー" */;
			buildPhases = (
				4152A2CF2F08E5D200BDF884 /* Sources */,
				4152A2D02F08E5D200BDF884 /* Frameworks */,
				4152A2D12F08E5D200BDF884 /* Resources */,
			);
			buildRules = (
			);
			dependencies = (
			);
			fileSystemSynchronizedGroups = (
				4152A2D52F08E5D200BDF884 /* ToDoカレンダー */,
			);
			name = "ToDoカレンダー";
			packageProductDependencies = (
			);
			productName = "ToDoカレンダー";
			productReference = 4152A2D32F08E5D200BDF884 /* ToDoカレンダー.app */;
			productType = "com.apple.product-type.application";
		};
		4152A2E12F08E5D300BDF884 /* ToDoカレンダーTests */ = {
			isa = PBXNativeTarget;
			buildConfigurationList = 4152A2F92F08E5D300BDF884 /* Build configuration list for PBXNativeTarget "ToDoカレンダーTests" */;
			buildPhases = (
				4152A2DE2F08E5D300BDF884 /* Sources */,
				4152A2DF2F08E5D300BDF884 /* Frameworks */,
				4152A2E02F08E5D300BDF884 /* Resources */,
			);
			buildRules = (
			);
			dependencies = (
				4152A2E42F08E5D300BDF884 /* PBXTargetDependency */,
			);
			fileSystemSynchronizedGroups = (
				4152A2E52F08E5D300BDF884 /* ToDoカレンダーTests */,
			);
			name = "ToDoカレンダーTests";
			packageProductDependencies = (
			);
			productName = "ToDoカレンダーTests";
			productReference = 4152A2E22F08E5D300BDF884 /* ToDoカレンダーTests.xctest */;
			productType = "com.apple.product-type.bundle.unit-test";
		};
		4152A2EB2F08E5D300BDF884 /* ToDoカレンダーUITests */ = {
			isa = PBXNativeTarget;
			buildConfigurationList = 4152A2FC2F08E5D300BDF884 /* Build configuration list for PBXNativeTarget "ToDoカレンダーUITests" */;
			buildPhases = (
				4152A2E82F08E5D300BDF884 /* Sources */,
				4152A2E92F08E5D300BDF884 /* Frameworks */,
				4152A2EA2F08E5D300BDF884 /* Resources */,
			);
			buildRules = (
			);
			dependencies = (
				4152A2EE2F08E5D300BDF884 /* PBXTargetDependency */,
			);
			fileSystemSynchronizedGroups = (
				4152A2EF2F08E5D300BDF884 /* ToDoカレンダーUITests */,
			);
			name = "ToDoカレンダーUITests";
			packageProductDependencies = (
			);
			productName = "ToDoカレンダーUITests";
			productReference = 4152A2EC2F08E5D300BDF884 /* ToDoカレンダーUITests.xctest */;
			productType = "com.apple.product-type.bundle.ui-testing";
		};
/* End PBXNativeTarget section */

/* Begin PBXProject section */
		4152A2CB2F08E5D200BDF884 /* Project object */ = {
			isa = PBXProject;
			attributes = {
				BuildIndependentTargetsInParallel = 1;
				LastSwiftUpdateCheck = 2620;
				LastUpgradeCheck = 2620;
				TargetAttributes = {
					4152A2D22F08E5D200BDF884 = {
						CreatedOnToolsVersion = 26.2;
					};
					4152A2E12F08E5D300BDF884 = {
						CreatedOnToolsVersion = 26.2;
						TestTargetID = 4152A2D22F08E5D200BDF884;
					};
					4152A2EB2F08E5D300BDF884 = {
						CreatedOnToolsVersion = 26.2;
						TestTargetID = 4152A2D22F08E5D200BDF884;
					};
				};
			};
			buildConfigurationList = 4152A2CE2F08E5D200BDF884 /* Build configuration list for PBXProject "ToDoカレンダー" */;
			developmentRegion = en;
			hasScannedForEncodings = 0;
			knownRegions = (
				en,
				Base,
			);
			mainGroup = 4152A2CA2F08E5D200BDF884;
			minimizedProjectReferenceProxies = 1;
			preferredProjectObjectVersion = 77;
			productRefGroup = 4152A2D42F08E5D200BDF884 /* Products */;
			projectDirPath = "";
			projectRoot = "";
			targets = (
				4152A2D22F08E5D200BDF884 /* ToDoカレンダー */,
				4152A2E12F08E5D300BDF884 /* ToDoカレンダーTests */,
				4152A2EB2F08E5D300BDF884 /* ToDoカレンダーUITests */,
			);
		};
/* End PBXProject section */

/* Begin PBXResourcesBuildPhase section */
		4152A2D12F08E5D200BDF884 /* Resources */ = {
			isa = PBXResourcesBuildPhase;
			buildActionMask = 2147483647;
			files = (
			);
			runOnlyForDeploymentPostprocessing = 0;
		};
		4152A2E02F08E5D300BDF884 /* Resources */ = {
			isa = PBXResourcesBuildPhase;
			buildActionMask = 2147483647;
			files = (
			);
			runOnlyForDeploymentPostprocessing = 0;
		};
		4152A2EA2F08E5D300BDF884 /* Resources */ = {
			isa = PBXResourcesBuildPhase;
			buildActionMask = 2147483647;
			files = (
			);
			runOnlyForDeploymentPostprocessing = 0;
		};
/* End PBXResourcesBuildPhase section */

/* Begin PBXSourcesBuildPhase section */
		4152A2CF2F08E5D200BDF884 /* Sources */ = {
			isa = PBXSourcesBuildPhase;
			buildActionMask = 2147483647;
			files = (
			);
			runOnlyForDeploymentPostprocessing = 0;
		};
		4152A2DE2F08E5D300BDF884 /* Sources */ = {
			isa = PBXSourcesBuildPhase;
			buildActionMask = 2147483647;
			files = (
			);
			runOnlyForDeploymentPostprocessing = 0;
		};
		4152A2E82F08E5D300BDF884 /* Sources */ = {
			isa = PBXSourcesBuildPhase;
			buildActionMask = 2147483647;
			files = (
			);
			runOnlyForDeploymentPostprocessing = 0;
		};
/* End PBXSourcesBuildPhase section */

/* Begin PBXTargetDependency section */
		4152A2E42F08E5D300BDF884 /* PBXTargetDependency */ = {
			isa = PBXTargetDependency;
			target = 4152A2D22F08E5D200BDF884 /* ToDoカレンダー */;
			targetProxy = 4152A2E32F08E5D300BDF884 /* PBXContainerItemProxy */;
		};
		4152A2EE2F08E5D300BDF884 /* PBXTargetDependency */ = {
			isa = PBXTargetDependency;
			target = 4152A2D22F08E5D200BDF884 /* ToDoカレンダー */;
			targetProxy = 4152A2ED2F08E5D300BDF884 /* PBXContainerItemProxy */;
		};
/* End PBXTargetDependency section */

/* Begin XCBuildConfiguration section */
		4152A2F42F08E5D300BDF884 /* Debug */ = {
			isa = XCBuildConfiguration;
			buildSettings = {
				ALWAYS_SEARCH_USER_PATHS = NO;
				ASSETCATALOG_COMPILER_GENERATE_SWIFT_ASSET_SYMBOL_EXTENSIONS = YES;
				CLANG_ANALYZER_NONNULL = YES;
				CLANG_ANALYZER_NUMBER_OBJECT_CONVERSION = YES_AGGRESSIVE;
				CLANG_CXX_LANGUAGE_STANDARD = "gnu++20";
				CLANG_ENABLE_MODULES = YES;
				CLANG_ENABLE_OBJC_ARC = YES;
				CLANG_ENABLE_OBJC_WEAK = YES;
				CLANG_WARN_BLOCK_CAPTURE_AUTORELEASING = YES;
				CLANG_WARN_BOOL_CONVERSION = YES;
				CLANG_WARN_COMMA = YES;
				CLANG_WARN_CONSTANT_CONVERSION = YES;
				CLANG_WARN_DEPRECATED_OBJC_IMPLEMENTATIONS = YES;
				CLANG_WARN_DIRECT_OBJC_ISA_USAGE = YES_ERROR;
				CLANG_WARN_DOCUMENTATION_COMMENTS = YES;
				CLANG_WARN_EMPTY_BODY = YES;
				CLANG_WARN_ENUM_CONVERSION = YES;
				CLANG_WARN_INFINITE_RECURSION = YES;
				CLANG_WARN_INT_CONVERSION = YES;
				CLANG_WARN_NON_LITERAL_NULL_CONVERSION = YES;
				CLANG_WARN_OBJC_IMPLICIT_RETAIN_SELF = YES;
				CLANG_WARN_OBJC_LITERAL_CONVERSION = YES;
				CLANG_WARN_OBJC_ROOT_CLASS = YES_ERROR;
				CLANG_WARN_QUOTED_INCLUDE_IN_FRAMEWORK_HEADER = YES;
				CLANG_WARN_RANGE_LOOP_ANALYSIS = YES;
				CLANG_WARN_STRICT_PROTOTYPES = YES;
				CLANG_WARN_SUSPICIOUS_MOVE = YES;
				CLANG_WARN_UNGUARDED_AVAILABILITY = YES_AGGRESSIVE;
				CLANG_WARN_UNREACHABLE_CODE = YES;
				CLANG_WARN__DUPLICATE_METHOD_MATCH = YES;
				COPY_PHASE_STRIP = NO;
				DEBUG_INFORMATION_FORMAT = dwarf;
				DEVELOPMENT_TEAM = 75HQR6UK9T;
				ENABLE_STRICT_OBJC_MSGSEND = YES;
				ENABLE_TESTABILITY = YES;
				ENABLE_USER_SCRIPT_SANDBOXING = YES;
				GCC_C_LANGUAGE_STANDARD = gnu17;
				GCC_DYNAMIC_NO_PIC = NO;
				GCC_NO_COMMON_BLOCKS = YES;
				GCC_OPTIMIZATION_LEVEL = 0;
				GCC_PREPROCESSOR_DEFINITIONS = (
					"DEBUG=1",
					"$(inherited)",
				);
				GCC_WARN_64_TO_32_BIT_CONVERSION = YES;
				GCC_WARN_ABOUT_RETURN_TYPE = YES_ERROR;
				GCC_WARN_UNDECLARED_SELECTOR = YES;
				GCC_WARN_UNINITIALIZED_AUTOS = YES_AGGRESSIVE;
				GCC_WARN_UNUSED_FUNCTION = YES;
				GCC_WARN_UNUSED_VARIABLE = YES;
				IPHONEOS_DEPLOYMENT_TARGET = 26.2;
				LOCALIZATION_PREFERS_STRING_CATALOGS = YES;
				MTL_ENABLE_DEBUG_INFO = INCLUDE_SOURCE;
				MTL_FAST_MATH = YES;
				ONLY_ACTIVE_ARCH = YES;
				SDKROOT = iphoneos;
				SWIFT_ACTIVE_COMPILATION_CONDITIONS = "DEBUG $(inherited)";
				SWIFT_OPTIMIZATION_LEVEL = "-Onone";
			};
			name = Debug;
		};
		4152A2F52F08E5D300BDF884 /* Release */ = {
			isa = XCBuildConfiguration;
			buildSettings = {
				ALWAYS_SEARCH_USER_PATHS = NO;
				ASSETCATALOG_COMPILER_GENERATE_SWIFT_ASSET_SYMBOL_EXTENSIONS = YES;
				CLANG_ANALYZER_NONNULL = YES;
				CLANG_ANALYZER_NUMBER_OBJECT_CONVERSION = YES_AGGRESSIVE;
				CLANG_CXX_LANGUAGE_STANDARD = "gnu++20";
				CLANG_ENABLE_MODULES = YES;
				CLANG_ENABLE_OBJC_ARC = YES;
				CLANG_ENABLE_OBJC_WEAK = YES;
				CLANG_WARN_BLOCK_CAPTURE_AUTORELEASING = YES;
				CLANG_WARN_BOOL_CONVERSION = YES;
				CLANG_WARN_COMMA = YES;
				CLANG_WARN_CONSTANT_CONVERSION = YES;
				CLANG_WARN_DEPRECATED_OBJC_IMPLEMENTATIONS = YES;
				CLANG_WARN_DIRECT_OBJC_ISA_USAGE = YES_ERROR;
				CLANG_WARN_DOCUMENTATION_COMMENTS = YES;
				CLANG_WARN_EMPTY_BODY = YES;
				CLANG_WARN_ENUM_CONVERSION = YES;
				CLANG_WARN_INFINITE_RECURSION = YES;
				CLANG_WARN_INT_CONVERSION = YES;
				CLANG_WARN_NON_LITERAL_NULL_CONVERSION = YES;
				CLANG_WARN_OBJC_IMPLICIT_RETAIN_SELF = YES;
				CLANG_WARN_OBJC_LITERAL_CONVERSION = YES;
				CLANG_WARN_OBJC_ROOT_CLASS = YES_ERROR;
				CLANG_WARN_QUOTED_INCLUDE_IN_FRAMEWORK_HEADER = YES;
				CLANG_WARN_RANGE_LOOP_ANALYSIS = YES;
				CLANG_WARN_STRICT_PROTOTYPES = YES;
				CLANG_WARN_SUSPICIOUS_MOVE = YES;
				CLANG_WARN_UNGUARDED_AVAILABILITY = YES_AGGRESSIVE;
				CLANG_WARN_UNREACHABLE_CODE = YES;
				CLANG_WARN__DUPLICATE_METHOD_MATCH = YES;
				COPY_PHASE_STRIP = NO;
				DEBUG_INFORMATION_FORMAT = "dwarf-with-dsym";
				DEVELOPMENT_TEAM = 75HQR6UK9T;
				ENABLE_NS_ASSERTIONS = NO;
				ENABLE_STRICT_OBJC_MSGSEND = YES;
				ENABLE_USER_SCRIPT_SANDBOXING = YES;
				GCC_C_LANGUAGE_STANDARD = gnu17;
				GCC_NO_COMMON_BLOCKS = YES;
				GCC_WARN_64_TO_32_BIT_CONVERSION = YES;
				GCC_WARN_ABOUT_RETURN_TYPE = YES_ERROR;
				GCC_WARN_UNDECLARED_SELECTOR = YES;
				GCC_WARN_UNINITIALIZED_AUTOS = YES_AGGRESSIVE;
				GCC_WARN_UNUSED_FUNCTION = YES;
				GCC_WARN_UNUSED_VARIABLE = YES;
				IPHONEOS_DEPLOYMENT_TARGET = 26.2;
				LOCALIZATION_PREFERS_STRING_CATALOGS = YES;
				MTL_ENABLE_DEBUG_INFO = NO;
				MTL_FAST_MATH = YES;
				SDKROOT = iphoneos;
				SWIFT_COMPILATION_MODE = wholemodule;
				VALIDATE_PRODUCT = YES;
			};
			name = Release;
		};
		4152A2F72F08E5D300BDF884 /* Debug */ = {
			isa = XCBuildConfiguration;
			buildSettings = {
				ASSETCATALOG_COMPILER_APPICON_NAME = AppIcon;
				ASSETCATALOG_COMPILER_GLOBAL_ACCENT_COLOR_NAME = AccentColor;
				CODE_SIGN_IDENTITY = "Apple Development";
				CODE_SIGN_STYLE = Automatic;
				CURRENT_PROJECT_VERSION = 1;
				DEVELOPMENT_TEAM = 75HQR6UK9T;
				ENABLE_PREVIEWS = YES;
				GENERATE_INFOPLIST_FILE = YES;
				INFOPLIST_KEY_NSCalendarsUsageDescription = "カレンダー内の祝日情報を取得し、祝日名を表示するために使用します。";
				INFOPLIST_KEY_UIApplicationSceneManifest_Generation = YES;
				INFOPLIST_KEY_UIApplicationSupportsIndirectInputEvents = YES;
				INFOPLIST_KEY_UILaunchScreen_Generation = YES;
				INFOPLIST_KEY_UISupportedInterfaceOrientations_iPad = "UIInterfaceOrientationPortrait UIInterfaceOrientationPortraitUpsideDown UIInterfaceOrientationLandscapeLeft UIInterfaceOrientationLandscapeRight";
				INFOPLIST_KEY_UISupportedInterfaceOrientations_iPhone = "UIInterfaceOrientationPortrait UIInterfaceOrientationLandscapeLeft UIInterfaceOrientationLandscapeRight";
				LD_RUNPATH_SEARCH_PATHS = (
					"$(inherited)",
					"@executable_path/Frameworks",
				);
				MARKETING_VERSION = 1.0;
				PRODUCT_BUNDLE_IDENTIFIER = kmizuki.ToDo;
				PRODUCT_NAME = "$(TARGET_NAME)";
				PROVISIONING_PROFILE_SPECIFIER = "";
				STRING_CATALOG_GENERATE_SYMBOLS = YES;
				SWIFT_APPROACHABLE_CONCURRENCY = YES;
				SWIFT_DEFAULT_ACTOR_ISOLATION = MainActor;
				SWIFT_EMIT_LOC_STRINGS = YES;
				SWIFT_UPCOMING_FEATURE_MEMBER_IMPORT_VISIBILITY = YES;
				SWIFT_VERSION = 5.0;
				TARGETED_DEVICE_FAMILY = "1,2";
			};
			name = Debug;
		};
		4152A2F82F08E5D300BDF884 /* Release */ = {
			isa = XCBuildConfiguration;
			buildSettings = {
				ASSETCATALOG_COMPILER_APPICON_NAME = AppIcon;
				ASSETCATALOG_COMPILER_GLOBAL_ACCENT_COLOR_NAME = AccentColor;
				CODE_SIGN_STYLE = Automatic;
				CURRENT_PROJECT_VERSION = 1;
				DEVELOPMENT_TEAM = 75HQR6UK9T;
				ENABLE_PREVIEWS = YES;
				GENERATE_INFOPLIST_FILE = YES;
				INFOPLIST_KEY_NSCalendarsUsageDescription = "カレンダー内の祝日情報を取得し、祝日名を表示するために使用します。";
				INFOPLIST_KEY_UIApplicationSceneManifest_Generation = YES;
				INFOPLIST_KEY_UIApplicationSupportsIndirectInputEvents = YES;
				INFOPLIST_KEY_UILaunchScreen_Generation = YES;
				INFOPLIST_KEY_UISupportedInterfaceOrientations_iPad = "UIInterfaceOrientationPortrait UIInterfaceOrientationPortraitUpsideDown UIInterfaceOrientationLandscapeLeft UIInterfaceOrientationLandscapeRight";
				INFOPLIST_KEY_UISupportedInterfaceOrientations_iPhone = "UIInterfaceOrientationPortrait UIInterfaceOrientationLandscapeLeft UIInterfaceOrientationLandscapeRight";
				LD_RUNPATH_SEARCH_PATHS = (
					"$(inherited)",
					"@executable_path/Frameworks",
				);
				MARKETING_VERSION = 1.0;
				PRODUCT_BUNDLE_IDENTIFIER = kmizuki.ToDo;
				PRODUCT_NAME = "$(TARGET_NAME)";
				STRING_CATALOG_GENERATE_SYMBOLS = YES;
				SWIFT_APPROACHABLE_CONCURRENCY = YES;
				SWIFT_DEFAULT_ACTOR_ISOLATION = MainActor;
				SWIFT_EMIT_LOC_STRINGS = YES;
				SWIFT_UPCOMING_FEATURE_MEMBER_IMPORT_VISIBILITY = YES;
				SWIFT_VERSION = 5.0;
				TARGETED_DEVICE_FAMILY = "1,2";
			};
			name = Release;
		};
		4152A2FA2F08E5D300BDF884 /* Debug */ = {
			isa = XCBuildConfiguration;
			buildSettings = {
				BUNDLE_LOADER = "$(TEST_HOST)";
				CODE_SIGN_STYLE = Automatic;
				CURRENT_PROJECT_VERSION = 1;
				DEVELOPMENT_TEAM = 75HQR6UK9T;
				GENERATE_INFOPLIST_FILE = YES;
				IPHONEOS_DEPLOYMENT_TARGET = 26.2;
				MARKETING_VERSION = 1.0;
				PRODUCT_BUNDLE_IDENTIFIER = "kmizuki.ToDo------Tests";
				PRODUCT_NAME = "$(TARGET_NAME)";
				STRING_CATALOG_GENERATE_SYMBOLS = NO;
				SWIFT_APPROACHABLE_CONCURRENCY = YES;
				SWIFT_EMIT_LOC_STRINGS = NO;
				SWIFT_UPCOMING_FEATURE_MEMBER_IMPORT_VISIBILITY = YES;
				SWIFT_VERSION = 5.0;
				TARGETED_DEVICE_FAMILY = "1,2";
				TEST_HOST = "$(BUILT_PRODUCTS_DIR)/ToDoカレンダー.app/$(BUNDLE_EXECUTABLE_FOLDER_PATH)/ToDoカレンダー";
			};
			name = Debug;
		};
		4152A2FB2F08E5D300BDF884 /* Release */ = {
			isa = XCBuildConfiguration;
			buildSettings = {
				BUNDLE_LOADER = "$(TEST_HOST)";
				CODE_SIGN_STYLE = Automatic;
				CURRENT_PROJECT_VERSION = 1;
				DEVELOPMENT_TEAM = 75HQR6UK9T;
				GENERATE_INFOPLIST_FILE = YES;
				IPHONEOS_DEPLOYMENT_TARGET = 26.2;
				MARKETING_VERSION = 1.0;
				PRODUCT_BUNDLE_IDENTIFIER = "kmizuki.ToDo------Tests";
				PRODUCT_NAME = "$(TARGET_NAME)";
				STRING_CATALOG_GENERATE_SYMBOLS = NO;
				SWIFT_APPROACHABLE_CONCURRENCY = YES;
				SWIFT_EMIT_LOC_STRINGS = NO;
				SWIFT_UPCOMING_FEATURE_MEMBER_IMPORT_VISIBILITY = YES;
				SWIFT_VERSION = 5.0;
				TARGETED_DEVICE_FAMILY = "1,2";
				TEST_HOST = "$(BUILT_PRODUCTS_DIR)/ToDoカレンダー.app/$(BUNDLE_EXECUTABLE_FOLDER_PATH)/ToDoカレンダー";
			};
			name = Release;
		};
		4152A2FD2F08E5D300BDF884 /* Debug */ = {
			isa = XCBuildConfiguration;
			buildSettings = {
				CODE_SIGN_STYLE = Automatic;
				CURRENT_PROJECT_VERSION = 1;
				DEVELOPMENT_TEAM = 75HQR6UK9T;
				GENERATE_INFOPLIST_FILE = YES;
				MARKETING_VERSION = 1.0;
				PRODUCT_BUNDLE_IDENTIFIER = "kmizuki.ToDo------UITests";
				PRODUCT_NAME = "$(TARGET_NAME)";
				STRING_CATALOG_GENERATE_SYMBOLS = NO;
				SWIFT_APPROACHABLE_CONCURRENCY = YES;
				SWIFT_EMIT_LOC_STRINGS = NO;
				SWIFT_UPCOMING_FEATURE_MEMBER_IMPORT_VISIBILITY = YES;
				SWIFT_VERSION = 5.0;
				TARGETED_DEVICE_FAMILY = "1,2";
				TEST_TARGET_NAME = "ToDoカレンダー";
			};
			name = Debug;
		};
		4152A2FE2F08E5D300BDF884 /* Release */ = {
			isa = XCBuildConfiguration;
			buildSettings = {
				CODE_SIGN_STYLE = Automatic;
				CURRENT_PROJECT_VERSION = 1;
				DEVELOPMENT_TEAM = 75HQR6UK9T;
				GENERATE_INFOPLIST_FILE = YES;
				MARKETING_VERSION = 1.0;
				PRODUCT_BUNDLE_IDENTIFIER = "kmizuki.ToDo------UITests";
				PRODUCT_NAME = "$(TARGET_NAME)";
				STRING_CATALOG_GENERATE_SYMBOLS = NO;
				SWIFT_APPROACHABLE_CONCURRENCY = YES;
				SWIFT_EMIT_LOC_STRINGS = NO;
				SWIFT_UPCOMING_FEATURE_MEMBER_IMPORT_VISIBILITY = YES;
				SWIFT_VERSION = 5.0;
				TARGETED_DEVICE_FAMILY = "1,2";
				TEST_TARGET_NAME = "ToDoカレンダー";
			};
			name = Release;
		};
/* End XCBuildConfiguration section */

/* Begin XCConfigurationList section */
		4152A2CE2F08E5D200BDF884 /* Build configuration list for PBXProject "ToDoカレンダー" */ = {
			isa = XCConfigurationList;
			buildConfigurations = (
				4152A2F42F08E5D300BDF884 /* Debug */,
				4152A2F52F08E5D300BDF884 /* Release */,
			);
			defaultConfigurationIsVisible = 0;
			defaultConfigurationName = Release;
		};
		4152A2F62F08E5D300BDF884 /* Build configuration list for PBXNativeTarget "ToDoカレンダー" */ = {
			isa = XCConfigurationList;
			buildConfigurations = (
				4152A2F72F08E5D300BDF884 /* Debug */,
				4152A2F82F08E5D300BDF884 /* Release */,
			);
			defaultConfigurationIsVisible = 0;
			defaultConfigurationName = Release;
		};
		4152A2F92F08E5D300BDF884 /* Build configuration list for PBXNativeTarget "ToDoカレンダーTests" */ = {
			isa = XCConfigurationList;
			buildConfigurations = (
				4152A2FA2F08E5D300BDF884 /* Debug */,
				4152A2FB2F08E5D300BDF884 /* Release */,
			);
			defaultConfigurationIsVisible = 0;
			defaultConfigurationName = Release;
		};
		4152A2FC2F08E5D300BDF884 /* Build configuration list for PBXNativeTarget "ToDoカレンダーUITests" */ = {
			isa = XCConfigurationList;
			buildConfigurations = (
				4152A2FD2F08E5D300BDF884 /* Debug */,
				4152A2FE2F08E5D300BDF884 /* Release */,
			);
			defaultConfigurationIsVisible = 0;
			defaultConfigurationName = Release;
		};
/* End XCConfigurationList section */
	};
	rootObject = 4152A2CB2F08E5D200BDF884 /* Project object */;
}
